
Microsoft Visual Studio Solution File, Format Version 12.00
# Visual Studio Version 16
VisualStudioVersion = 16.0.29509.3
MinimumVisualStudioVersion = 10.0.40219.1
Project("{FAE04EC0-301F-11D3-BF4B-00C04F79EFBC}") = "ticktacktoeGame", "ticktacktoeGame\ticktacktoeGame.csproj", "{8E3A6883-14A0-4D02-B595-684047E938E7}"
EndProject
Global
	GlobalSection(SolutionConfigurationPlatforms) = preSolution
		Debug|Any CPU = Debug|Any CPU
		Release|Any CPU = Release|Any CPU
	EndGlobalSection
	GlobalSection(ProjectConfigurationPlatforms) = postSolution
		{8E3A6883-14A0-4D02-B595-684047E938E7}.Debug|Any CPU.ActiveCfg = Debug|Any CPU
		{8E3A6883-14A0-4D02-B595-684047E938E7}.Debug|Any CPU.Build.0 = Debug|Any CPU
		{8E3A6883-14A0-4D02-B595-684047E938E7}.Release|Any CPU.ActiveCfg = Release|Any CPU
		{8E3A6883-14A0-4D02-B595-684047E938E7}.Release|Any CPU.Build.0 = Release|Any CPU
	EndGlobalSection
	GlobalSection(SolutionProperties) = preSolution
		HideSolutionNode = FALSE
	EndGlobalSection
	GlobalSection(ExtensibilityGlobals) = postSolution
		SolutionGuid = {B5AF5364-31E5-464E-B8B4-F20BFCB5FF09}
	EndGlobalSection
EndGlobal
